
Microsoft Visual Studio Solution File, Format Version 12.00
Project("{FAE04EC0-301F-11D3-BF4B-00C04F79EFBC}") = "Inv.AppHost", "Inv.AppHost\Inv.AppHost.csproj", "{461F8358-1A50-4A32-855F-5B3DB5868AD0}"
EndProject
Project("{FAE04EC0-301F-11D3-BF4B-00C04F79EFBC}") = "Inv.API", "Inv.API\Inv.API.csproj", "{BFF14CC5-76AC-461A-9EA1-7B2CBF5174F8}"
EndProject
Project("{FAE04EC0-301F-11D3-BF4B-00C04F79EFBC}") = "Inv.Domain", "Inv.Domain\Inv.Domain.csproj", "{1FE74437-F257-46A2-8826-08CBEE2494AC}"
EndProject
Project("{FAE04EC0-301F-11D3-BF4B-00C04F79EFBC}") = "Inv.Application", "Inv.Application\Inv.Application.csproj", "{5669BF43-25E3-4353-8E30-AC37228114AB}"
EndProject
Project("{FAE04EC0-301F-11D3-BF4B-00C04F79EFBC}") = "Inv.Infrastructure", "Inv.Infrastructure\Inv.Infrastructure.csproj", "{D3955C81-D7CC-4127-B6F5-42DAF4CFA42A}"
EndProject
Project("{FAE04EC0-301F-11D3-BF4B-00C04F79EFBC}") = "Inv.ServiceDefaults", "Inv.ServiceDefaults\Inv.ServiceDefaults.csproj", "{FA5580F0-DAAC-4648-81F8-E09E3542114D}"
EndProject
Project("{FAE04EC0-301F-11D3-BF4B-00C04F79EFBC}") = "Inv.MigrationService", "Inv.MigrationService\Inv.MigrationService.csproj", "{30454CBF-633F-463B-80A3-10852481799D}"
EndProject
Project("{FAE04EC0-301F-11D3-BF4B-00C04F79EFBC}") = "Inv.Application.Shared", "Inv.Application.Shared\Inv.Application.Shared.csproj", "{6C25C026-26D8-4602-BD75-FDB71CC6D6D4}"
EndProject
Project("{FAE04EC0-301F-11D3-BF4B-00C04F79EFBC}") = "Inv.UI", "Inv.UI\Inv.UI.csproj", "{723F5226-68D0-4573-9AB5-38347A98F874}"
EndProject
Global
	GlobalSection(SolutionConfigurationPlatforms) = preSolution
		Debug|Any CPU = Debug|Any CPU
		Release|Any CPU = Release|Any CPU
	EndGlobalSection
	GlobalSection(ProjectConfigurationPlatforms) = postSolution
		{461F8358-1A50-4A32-855F-5B3DB5868AD0}.Debug|Any CPU.ActiveCfg = Debug|Any CPU
		{461F8358-1A50-4A32-855F-5B3DB5868AD0}.Debug|Any CPU.Build.0 = Debug|Any CPU
		{461F8358-1A50-4A32-855F-5B3DB5868AD0}.Release|Any CPU.ActiveCfg = Release|Any CPU
		{461F8358-1A50-4A32-855F-5B3DB5868AD0}.Release|Any CPU.Build.0 = Release|Any CPU
		{BFF14CC5-76AC-461A-9EA1-7B2CBF5174F8}.Debug|Any CPU.ActiveCfg = Debug|Any CPU
		{BFF14CC5-76AC-461A-9EA1-7B2CBF5174F8}.Debug|Any CPU.Build.0 = Debug|Any CPU
		{BFF14CC5-76AC-461A-9EA1-7B2CBF5174F8}.Release|Any CPU.ActiveCfg = Release|Any CPU
		{BFF14CC5-76AC-461A-9EA1-7B2CBF5174F8}.Release|Any CPU.Build.0 = Release|Any CPU
		{1FE74437-F257-46A2-8826-08CBEE2494AC}.Debug|Any CPU.ActiveCfg = Debug|Any CPU
		{1FE74437-F257-46A2-8826-08CBEE2494AC}.Debug|Any CPU.Build.0 = Debug|Any CPU
		{1FE74437-F257-46A2-8826-08CBEE2494AC}.Release|Any CPU.ActiveCfg = Release|Any CPU
		{1FE74437-F257-46A2-8826-08CBEE2494AC}.Release|Any CPU.Build.0 = Release|Any CPU
		{5669BF43-25E3-4353-8E30-AC37228114AB}.Debug|Any CPU.ActiveCfg = Debug|Any CPU
		{5669BF43-25E3-4353-8E30-AC37228114AB}.Debug|Any CPU.Build.0 = Debug|Any CPU
		{5669BF43-25E3-4353-8E30-AC37228114AB}.Release|Any CPU.ActiveCfg = Release|Any CPU
		{5669BF43-25E3-4353-8E30-AC37228114AB}.Release|Any CPU.Build.0 = Release|Any CPU
		{D3955C81-D7CC-4127-B6F5-42DAF4CFA42A}.Debug|Any CPU.ActiveCfg = Debug|Any CPU
		{D3955C81-D7CC-4127-B6F5-42DAF4CFA42A}.Debug|Any CPU.Build.0 = Debug|Any CPU
		{D3955C81-D7CC-4127-B6F5-42DAF4CFA42A}.Release|Any CPU.ActiveCfg = Release|Any CPU
		{D3955C81-D7CC-4127-B6F5-42DAF4CFA42A}.Release|Any CPU.Build.0 = Release|Any CPU
		{FA5580F0-DAAC-4648-81F8-E09E3542114D}.Debug|Any CPU.ActiveCfg = Debug|Any CPU
		{FA5580F0-DAAC-4648-81F8-E09E3542114D}.Debug|Any CPU.Build.0 = Debug|Any CPU
		{FA5580F0-DAAC-4648-81F8-E09E3542114D}.Release|Any CPU.ActiveCfg = Release|Any CPU
		{FA5580F0-DAAC-4648-81F8-E09E3542114D}.Release|Any CPU.Build.0 = Release|Any CPU
		{30454CBF-633F-463B-80A3-10852481799D}.Debug|Any CPU.ActiveCfg = Debug|Any CPU
		{30454CBF-633F-463B-80A3-10852481799D}.Debug|Any CPU.Build.0 = Debug|Any CPU
		{30454CBF-633F-463B-80A3-10852481799D}.Release|Any CPU.ActiveCfg = Release|Any CPU
		{30454CBF-633F-463B-80A3-10852481799D}.Release|Any CPU.Build.0 = Release|Any CPU
		{6C25C026-26D8-4602-BD75-FDB71CC6D6D4}.Debug|Any CPU.ActiveCfg = Debug|Any CPU
		{6C25C026-26D8-4602-BD75-FDB71CC6D6D4}.Debug|Any CPU.Build.0 = Debug|Any CPU
		{6C25C026-26D8-4602-BD75-FDB71CC6D6D4}.Release|Any CPU.ActiveCfg = Release|Any CPU
		{6C25C026-26D8-4602-BD75-FDB71CC6D6D4}.Release|Any CPU.Build.0 = Release|Any CPU
		{723F5226-68D0-4573-9AB5-38347A98F874}.Debug|Any CPU.ActiveCfg = Debug|Any CPU
		{723F5226-68D0-4573-9AB5-38347A98F874}.Debug|Any CPU.Build.0 = Debug|Any CPU
		{723F5226-68D0-4573-9AB5-38347A98F874}.Release|Any CPU.ActiveCfg = Release|Any CPU
		{723F5226-68D0-4573-9AB5-38347A98F874}.Release|Any CPU.Build.0 = Release|Any CPU
	EndGlobalSection
EndGlobal
